Microsoft Visual Studio Solution File, Format Version 12.00
# Visual Studio Version 17
VisualStudioVersion = 17.5.2.0
MinimumVisualStudioVersion = 10.0.40219.1
Project("{2150E333-8FDC-42A3-9474-1A3956D46DE8}") = "prueba", "prueba", "{48C0A9E1-0430-DE2F-8E32-8C4A9884B8CA}"
EndProject
Project("{FAE04EC0-301F-11D3-BF4B-00C04F79EFBC}") = "practica", "prueba\practica\practica.csproj", "{FB6135D8-3427-EC86-3612-936BC549D2C9}"
EndProject
Global
	GlobalSection(SolutionConfigurationPlatforms) = preSolution
		Debug|Any CPU = Debug|Any CPU
		Release|Any CPU = Release|Any CPU
	EndGlobalSection
	GlobalSection(ProjectConfigurationPlatforms) = postSolution
		{FB6135D8-3427-EC86-3612-936BC549D2C9}.Debug|Any CPU.ActiveCfg = Debug|Any CPU
		{FB6135D8-3427-EC86-3612-936BC549D2C9}.Debug|Any CPU.Build.0 = Debug|Any CPU
		{FB6135D8-3427-EC86-3612-936BC549D2C9}.Release|Any CPU.ActiveCfg = Release|Any CPU
		{FB6135D8-3427-EC86-3612-936BC549D2C9}.Release|Any CPU.Build.0 = Release|Any CPU
	EndGlobalSection
	GlobalSection(SolutionProperties) = preSolution
		HideSolutionNode = FALSE
	EndGlobalSection
	GlobalSection(NestedProjects) = preSolution
		{FB6135D8-3427-EC86-3612-936BC549D2C9} = {48C0A9E1-0430-DE2F-8E32-8C4A9884B8CA}
	EndGlobalSection
	GlobalSection(ExtensibilityGlobals) = postSolution
		SolutionGuid = {67472FE8-D2E3-42FF-B57F-F4E54CBB09F9}
	EndGlobalSection
EndGlobal
