Microsoft Visual Studio Solution File, Format Version 12.00
# Visual Studio Version 17
VisualStudioVersion = 17.5.2.0
MinimumVisualStudioVersion = 10.0.40219.1
Project("{FAE04EC0-301F-11D3-BF4B-00C04F79EFBC}") = "nanoc", "nanoc\nanoc.csproj", "{D696B3B8-740A-CEC7-6BEB-40FC1BD606A7}"
EndProject
Global
	GlobalSection(SolutionConfigurationPlatforms) = preSolution
		Debug|Any CPU = Debug|Any CPU
		Release|Any CPU = Release|Any CPU
	EndGlobalSection
	GlobalSection(ProjectConfigurationPlatforms) = postSolution
		{D696B3B8-740A-CEC7-6BEB-40FC1BD606A7}.Debug|Any CPU.ActiveCfg = Debug|Any CPU
		{D696B3B8-740A-CEC7-6BEB-40FC1BD606A7}.Debug|Any CPU.Build.0 = Debug|Any CPU
		{D696B3B8-740A-CEC7-6BEB-40FC1BD606A7}.Release|Any CPU.ActiveCfg = Release|Any CPU
		{D696B3B8-740A-CEC7-6BEB-40FC1BD606A7}.Release|Any CPU.Build.0 = Release|Any CPU
	EndGlobalSection
	GlobalSection(SolutionProperties) = preSolution
		HideSolutionNode = FALSE
	EndGlobalSection
	GlobalSection(ExtensibilityGlobals) = postSolution
		SolutionGuid = {1A3B6F5F-EE73-4513-87AC-8123F5283957}
	EndGlobalSection
EndGlobal
